
Microsoft Visual Studio Solution File, Format Version 12.00
# Visual Studio Version 16
VisualStudioVersion = 16.0.30804.86
MinimumVisualStudioVersion = 10.0.40219.1
Project("{FAE04EC0-301F-11D3-BF4B-00C04F79EFBC}") = "Final", "Final\Final.csproj", "{6E03B028-359F-4005-A4EA-DBCA82B69AAD}"
EndProject
Global
	GlobalSection(SolutionConfigurationPlatforms) = preSolution
		Debug|Any CPU = Debug|Any CPU
		Release|Any CPU = Release|Any CPU
	EndGlobalSection
	GlobalSection(ProjectConfigurationPlatforms) = postSolution
		{6E03B028-359F-4005-A4EA-DBCA82B69AAD}.Debug|Any CPU.ActiveCfg = Debug|Any CPU
		{6E03B028-359F-4005-A4EA-DBCA82B69AAD}.Debug|Any CPU.Build.0 = Debug|Any CPU
		{6E03B028-359F-4005-A4EA-DBCA82B69AAD}.Release|Any CPU.ActiveCfg = Release|Any CPU
		{6E03B028-359F-4005-A4EA-DBCA82B69AAD}.Release|Any CPU.Build.0 = Release|Any CPU
	EndGlobalSection
	GlobalSection(SolutionProperties) = preSolution
		HideSolutionNode = FALSE
	EndGlobalSection
	GlobalSection(ExtensibilityGlobals) = postSolution
		SolutionGuid = {EF4F90C5-4E2C-4617-A906-C1B0AD77FDF0}
	EndGlobalSection
EndGlobal
